{
  "name": "br-tax-id-generator",
  "version": "1.0.1",
  "lockfileVersion": 1,
  "requires": true,
  "dependencies": {
    "@fnando/cnpj": {
      "version": "0.1.1",
      "resolved": "https://registry.npmjs.org/@fnando/cnpj/-/cnpj-0.1.1.tgz",
      "integrity": "sha512-lzV5HLTfo8ArEcV7Ahdg7UF1ar/YZM7bSRgvDKlaKU/YAVhREhCDO1AoIDJNuWkvTeqM4w/OknprtXd6cAZIGQ=="
    },
    "@fnando/cpf": {
      "version": "0.1.1",
      "resolved": "https://registry.npmjs.org/@fnando/cpf/-/cpf-0.1.1.tgz",
      "integrity": "sha512-KWIk6uh7Z8fAefUmtcDrLfCUIf+gU1DVv6BkL/TgXO5oJFC82X6FferrvBQzVBSRNb+TFbd/na1R7PHRgynrkA=="
    }
  }
}
